
Microsoft Visual Studio Solution File, Format Version 12.00
# Visual Studio Version 16
VisualStudioVersion = 16.0.30114.105
MinimumVisualStudioVersion = 10.0.40219.1
Project("{FAE04EC0-301F-11D3-BF4B-00C04F79EFBC}") = "SchoolManager", "SchoolManager\SchoolManager.csproj", "{0CDB0740-0223-4302-9948-CE8F0DDBDBAA}"
EndProject
Project("{FAE04EC0-301F-11D3-BF4B-00C04F79EFBC}") = "SchoolManager.Tests", "SchoolManager.Tests\SchoolManager.Tests.csproj", "{ED6C82AB-4179-441D-876C-EDD8F9DAC5DC}"
EndProject
Global
	GlobalSection(SolutionConfigurationPlatforms) = preSolution
		Debug|Any CPU = Debug|Any CPU
		Debug|x64 = Debug|x64
		Debug|x86 = Debug|x86
		Release|Any CPU = Release|Any CPU
		Release|x64 = Release|x64
		Release|x86 = Release|x86
	EndGlobalSection
	GlobalSection(SolutionProperties) = preSolution
		HideSolutionNode = FALSE
	EndGlobalSection
	GlobalSection(ProjectConfigurationPlatforms) = postSolution
		{0CDB0740-0223-4302-9948-CE8F0DDBDBAA}.Debug|Any CPU.ActiveCfg = Debug|Any CPU
		{0CDB0740-0223-4302-9948-CE8F0DDBDBAA}.Debug|Any CPU.Build.0 = Debug|Any CPU
		{0CDB0740-0223-4302-9948-CE8F0DDBDBAA}.Debug|x64.ActiveCfg = Debug|Any CPU
		{0CDB0740-0223-4302-9948-CE8F0DDBDBAA}.Debug|x64.Build.0 = Debug|Any CPU
		{0CDB0740-0223-4302-9948-CE8F0DDBDBAA}.Debug|x86.ActiveCfg = Debug|Any CPU
		{0CDB0740-0223-4302-9948-CE8F0DDBDBAA}.Debug|x86.Build.0 = Debug|Any CPU
		{0CDB0740-0223-4302-9948-CE8F0DDBDBAA}.Release|Any CPU.ActiveCfg = Release|Any CPU
		{0CDB0740-0223-4302-9948-CE8F0DDBDBAA}.Release|Any CPU.Build.0 = Release|Any CPU
		{0CDB0740-0223-4302-9948-CE8F0DDBDBAA}.Release|x64.ActiveCfg = Release|Any CPU
		{0CDB0740-0223-4302-9948-CE8F0DDBDBAA}.Release|x64.Build.0 = Release|Any CPU
		{0CDB0740-0223-4302-9948-CE8F0DDBDBAA}.Release|x86.ActiveCfg = Release|Any CPU
		{0CDB0740-0223-4302-9948-CE8F0DDBDBAA}.Release|x86.Build.0 = Release|Any CPU
		{ED6C82AB-4179-441D-876C-EDD8F9DAC5DC}.Debug|Any CPU.ActiveCfg = Debug|Any CPU
		{ED6C82AB-4179-441D-876C-EDD8F9DAC5DC}.Debug|Any CPU.Build.0 = Debug|Any CPU
		{ED6C82AB-4179-441D-876C-EDD8F9DAC5DC}.Debug|x64.ActiveCfg = Debug|Any CPU
		{ED6C82AB-4179-441D-876C-EDD8F9DAC5DC}.Debug|x64.Build.0 = Debug|Any CPU
		{ED6C82AB-4179-441D-876C-EDD8F9DAC5DC}.Debug|x86.ActiveCfg = Debug|Any CPU
		{ED6C82AB-4179-441D-876C-EDD8F9DAC5DC}.Debug|x86.Build.0 = Debug|Any CPU
		{ED6C82AB-4179-441D-876C-EDD8F9DAC5DC}.Release|Any CPU.ActiveCfg = Release|Any CPU
		{ED6C82AB-4179-441D-876C-EDD8F9DAC5DC}.Release|Any CPU.Build.0 = Release|Any CPU
		{ED6C82AB-4179-441D-876C-EDD8F9DAC5DC}.Release|x64.ActiveCfg = Release|Any CPU
		{ED6C82AB-4179-441D-876C-EDD8F9DAC5DC}.Release|x64.Build.0 = Release|Any CPU
		{ED6C82AB-4179-441D-876C-EDD8F9DAC5DC}.Release|x86.ActiveCfg = Release|Any CPU
		{ED6C82AB-4179-441D-876C-EDD8F9DAC5DC}.Release|x86.Build.0 = Release|Any CPU
	EndGlobalSection
EndGlobal
